# THIS IS AN AUTOGENERATED FILE. DO NOT EDIT THIS FILE DIRECTLY.
# yarn lockfile v1


"@biomejs/biome@2.4.3":
  version "2.4.3"
  resolved "https://registry.yarnpkg.com/@biomejs/biome/-/biome-2.4.3.tgz#eb7a48f1763fe333949665b3ff7814267eda000f"
  integrity sha512-cBrjf6PNF6yfL8+kcNl85AjiK2YHNsbU0EvDOwiZjBPbMbQ5QcgVGFpjD0O52p8nec5O8NYw7PKw3xUR7fPAkQ==
  optionalDependencies:
    "@biomejs/cli-darwin-arm64" "2.4.3"
    "@biomejs/cli-darwin-x64" "2.4.3"
    "@biomejs/cli-linux-arm64" "2.4.3"
    "@biomejs/cli-linux-arm64-musl" "2.4.3"
    "@biomejs/cli-linux-x64" "2.4.3"
    "@biomejs/cli-linux-x64-musl" "2.4.3"
    "@biomejs/cli-win32-arm64" "2.4.3"
    "@biomejs/cli-win32-x64" "2.4.3"

"@biomejs/cli-darwin-arm64@2.4.3":
  version "2.4.3"
  resolved "https://registry.yarnpkg.com/@biomejs/cli-darwin-arm64/-/cli-darwin-arm64-2.4.3.tgz#ca188065f29940de1bb0029df2fd639719c92750"
  integrity sha512-eOafSFlI/CF4id2tlwq9CVHgeEqvTL5SrhWff6ZORp6S3NL65zdsR3ugybItkgF8Pf4D9GSgtbB6sE3UNgOM9w==

"@biomejs/cli-darwin-x64@2.4.3":
  version "2.4.3"
  resolved "https://registry.yarnpkg.com/@biomejs/cli-darwin-x64/-/cli-darwin-x64-2.4.3.tgz#418c55c0bfd1f5d4d22c48cddf8bbd78b02e7fd7"
  integrity sha512-V2+av4ilbWcBMNufTtMMXVW00nPwyIjI5qf7n9wSvUaZ+tt0EvMGk46g9sAFDJBEDOzSyoRXiSP6pCvKTOEbPA==

"@biomejs/cli-linux-arm64-musl@2.4.3":
  version "2.4.3"
  resolved "https://registry.yarnpkg.com/@biomejs/cli-linux-arm64-musl/-/cli-linux-arm64-musl-2.4.3.tgz#58da6a862764cc6c02c27a2d737a4f187a446bcd"
  integrity sha512-QuFzvsGo8BA4Xm7jGX5idkw6BqFblcCPySMTvq0AhGYnhUej5VJIDJbmTKfHqwjHepZiC4fA+T5i6wmiZolZNw==

"@biomejs/cli-linux-arm64@2.4.3":
  version "2.4.3"
  resolved "https://registry.yarnpkg.com/@biomejs/cli-linux-arm64/-/cli-linux-arm64-2.4.3.tgz#7642518e76df8fc2dcd0675042e85e58c03f6a74"
  integrity sha512-0m+O0x9FgK99FAwDK+fiDtjs2wnqq7bvfj17KJVeCkTwT/liI+Q9njJG7lwXK0iSJVXeFNRIxukpVI3SifMYAA==

"@biomejs/cli-linux-x64-musl@2.4.3":
  version "2.4.3"
  resolved "https://registry.yarnpkg.com/@biomejs/cli-linux-x64-musl/-/cli-linux-x64-musl-2.4.3.tgz#2a2fe720f636fc3894debf23925e9fe1c06da079"
  integrity sha512-qEc0OCpj/uytruQ4wLM0yWNJLZy0Up8H1Er5MW3SrstqM6J2d4XqdNA86xzCy8MQCHpoVZ3lFye3GBlIL4/ljw==

"@biomejs/cli-linux-x64@2.4.3":
  version "2.4.3"
  resolved "https://registry.yarnpkg.com/@biomejs/cli-linux-x64/-/cli-linux-x64-2.4.3.tgz#dad0a81804ed2043e9ea3e4b29b3bb352c4eb26a"
  integrity sha512-NVqh0saIU0u5OfOp/0jFdlKRE59+XyMvWmtx0f6Nm/2OpdxBl04coRIftBbY9d1gfu+23JVv4CItAqPYrjYh5w==

"@biomejs/cli-win32-arm64@2.4.3":
  version "2.4.3"
  resolved "https://registry.yarnpkg.com/@biomejs/cli-win32-arm64/-/cli-win32-arm64-2.4.3.tgz#1da3559be0924e891f9b986c8c0db7d503a34a11"
  integrity sha512-gRO96vrIARilv/Cp2ZnmNNL5LSZg3RO75GPp13hsLO3N4YVpE7saaMDp2bcyV48y2N2Pbit1brkGVGta0yd6VQ==

"@biomejs/cli-win32-x64@2.4.3":
  version "2.4.3"
  resolved "https://registry.yarnpkg.com/@biomejs/cli-win32-x64/-/cli-win32-x64-2.4.3.tgz#58ddb4e205b274d693940f3d334debd6f4c94ff4"
  integrity sha512-vSm/vOJe06pf14aGHfHl3Ar91Nlx4YYmohElDJ+17UbRwe99n987S/MhAlQOkONqf1utJor04ChkCPmKb8SWdw==

dotenv@17.3.1:
  version "17.3.1"
  resolved "https://registry.yarnpkg.com/dotenv/-/dotenv-17.3.1.tgz#2706f5b0165e45a1503348187b8468f87fe6aae2"
  integrity sha512-IO8C/dzEb6O3F9/twg6ZLXz164a2fhTnEWb95H23Dm4OuN+92NmEAlTrupP9VW6Jm3sO26tQlqyvyi4CsnY9GA==

nodemailer@8.0.1:
  version "8.0.1"
  resolved "https://registry.yarnpkg.com/nodemailer/-/nodemailer-8.0.1.tgz#225842a5e3a06c4ee39adfdf784acd9e00bea9c2"
  integrity sha512-5kcldIXmaEjZcHR6F28IKGSgpmZHaF1IXLWFTG+Xh3S+Cce4MiakLtWY+PlBU69fLbRa8HlaGIrC/QolUpHkhg==
