# This file is generated by running "yarn install" inside your project.
# Manual changes might be lost - proceed with caution!

__metadata:
  version: 9
  cacheKey: 10c0

"@oxfmt/binding-android-arm-eabi@npm:0.45.0":
  version: 0.45.0
  resolution: "@oxfmt/binding-android-arm-eabi@npm:0.45.0"
  conditions: os=android & cpu=arm
  languageName: node
  linkType: hard

"@oxfmt/binding-android-arm64@npm:0.45.0":
  version: 0.45.0
  resolution: "@oxfmt/binding-android-arm64@npm:0.45.0"
  conditions: os=android & cpu=arm64
  languageName: node
  linkType: hard

"@oxfmt/binding-darwin-arm64@npm:0.45.0":
  version: 0.45.0
  resolution: "@oxfmt/binding-darwin-arm64@npm:0.45.0"
  conditions: os=darwin & cpu=arm64
  languageName: node
  linkType: hard

"@oxfmt/binding-darwin-x64@npm:0.45.0":
  version: 0.45.0
  resolution: "@oxfmt/binding-darwin-x64@npm:0.45.0"
  conditions: os=darwin & cpu=x64
  languageName: node
  linkType: hard

"@oxfmt/binding-freebsd-x64@npm:0.45.0":
  version: 0.45.0
  resolution: "@oxfmt/binding-freebsd-x64@npm:0.45.0"
  conditions: os=freebsd & cpu=x64
  languageName: node
  linkType: hard

"@oxfmt/binding-linux-arm-gnueabihf@npm:0.45.0":
  version: 0.45.0
  resolution: "@oxfmt/binding-linux-arm-gnueabihf@npm:0.45.0"
  conditions: os=linux & cpu=arm
  languageName: node
  linkType: hard

"@oxfmt/binding-linux-arm-musleabihf@npm:0.45.0":
  version: 0.45.0
  resolution: "@oxfmt/binding-linux-arm-musleabihf@npm:0.45.0"
  conditions: os=linux & cpu=arm
  languageName: node
  linkType: hard

"@oxfmt/binding-linux-arm64-gnu@npm:0.45.0":
  version: 0.45.0
  resolution: "@oxfmt/binding-linux-arm64-gnu@npm:0.45.0"
  conditions: os=linux & cpu=arm64 & libc=glibc
  languageName: node
  linkType: hard

"@oxfmt/binding-linux-arm64-musl@npm:0.45.0":
  version: 0.45.0
  resolution: "@oxfmt/binding-linux-arm64-musl@npm:0.45.0"
  conditions: os=linux & cpu=arm64 & libc=musl
  languageName: node
  linkType: hard

"@oxfmt/binding-linux-ppc64-gnu@npm:0.45.0":
  version: 0.45.0
  resolution: "@oxfmt/binding-linux-ppc64-gnu@npm:0.45.0"
  conditions: os=linux & cpu=ppc64 & libc=glibc
  languageName: node
  linkType: hard

"@oxfmt/binding-linux-riscv64-gnu@npm:0.45.0":
  version: 0.45.0
  resolution: "@oxfmt/binding-linux-riscv64-gnu@npm:0.45.0"
  conditions: os=linux & cpu=riscv64 & libc=glibc
  languageName: node
  linkType: hard

"@oxfmt/binding-linux-riscv64-musl@npm:0.45.0":
  version: 0.45.0
  resolution: "@oxfmt/binding-linux-riscv64-musl@npm:0.45.0"
  conditions: os=linux & cpu=riscv64 & libc=musl
  languageName: node
  linkType: hard

"@oxfmt/binding-linux-s390x-gnu@npm:0.45.0":
  version: 0.45.0
  resolution: "@oxfmt/binding-linux-s390x-gnu@npm:0.45.0"
  conditions: os=linux & cpu=s390x & libc=glibc
  languageName: node
  linkType: hard

"@oxfmt/binding-linux-x64-gnu@npm:0.45.0":
  version: 0.45.0
  resolution: "@oxfmt/binding-linux-x64-gnu@npm:0.45.0"
  conditions: os=linux & cpu=x64 & libc=glibc
  languageName: node
  linkType: hard

"@oxfmt/binding-linux-x64-musl@npm:0.45.0":
  version: 0.45.0
  resolution: "@oxfmt/binding-linux-x64-musl@npm:0.45.0"
  conditions: os=linux & cpu=x64 & libc=musl
  languageName: node
  linkType: hard

"@oxfmt/binding-openharmony-arm64@npm:0.45.0":
  version: 0.45.0
  resolution: "@oxfmt/binding-openharmony-arm64@npm:0.45.0"
  conditions: os=openharmony & cpu=arm64
  languageName: node
  linkType: hard

"@oxfmt/binding-win32-arm64-msvc@npm:0.45.0":
  version: 0.45.0
  resolution: "@oxfmt/binding-win32-arm64-msvc@npm:0.45.0"
  conditions: os=win32 & cpu=arm64
  languageName: node
  linkType: hard

"@oxfmt/binding-win32-ia32-msvc@npm:0.45.0":
  version: 0.45.0
  resolution: "@oxfmt/binding-win32-ia32-msvc@npm:0.45.0"
  conditions: os=win32 & cpu=ia32
  languageName: node
  linkType: hard

"@oxfmt/binding-win32-x64-msvc@npm:0.45.0":
  version: 0.45.0
  resolution: "@oxfmt/binding-win32-x64-msvc@npm:0.45.0"
  conditions: os=win32 & cpu=x64
  languageName: node
  linkType: hard

"@oxlint/binding-android-arm-eabi@npm:1.60.0":
  version: 1.60.0
  resolution: "@oxlint/binding-android-arm-eabi@npm:1.60.0"
  conditions: os=android & cpu=arm
  languageName: node
  linkType: hard

"@oxlint/binding-android-arm64@npm:1.60.0":
  version: 1.60.0
  resolution: "@oxlint/binding-android-arm64@npm:1.60.0"
  conditions: os=android & cpu=arm64
  languageName: node
  linkType: hard

"@oxlint/binding-darwin-arm64@npm:1.60.0":
  version: 1.60.0
  resolution: "@oxlint/binding-darwin-arm64@npm:1.60.0"
  conditions: os=darwin & cpu=arm64
  languageName: node
  linkType: hard

"@oxlint/binding-darwin-x64@npm:1.60.0":
  version: 1.60.0
  resolution: "@oxlint/binding-darwin-x64@npm:1.60.0"
  conditions: os=darwin & cpu=x64
  languageName: node
  linkType: hard

"@oxlint/binding-freebsd-x64@npm:1.60.0":
  version: 1.60.0
  resolution: "@oxlint/binding-freebsd-x64@npm:1.60.0"
  conditions: os=freebsd & cpu=x64
  languageName: node
  linkType: hard

"@oxlint/binding-linux-arm-gnueabihf@npm:1.60.0":
  version: 1.60.0
  resolution: "@oxlint/binding-linux-arm-gnueabihf@npm:1.60.0"
  conditions: os=linux & cpu=arm
  languageName: node
  linkType: hard

"@oxlint/binding-linux-arm-musleabihf@npm:1.60.0":
  version: 1.60.0
  resolution: "@oxlint/binding-linux-arm-musleabihf@npm:1.60.0"
  conditions: os=linux & cpu=arm
  languageName: node
  linkType: hard

"@oxlint/binding-linux-arm64-gnu@npm:1.60.0":
  version: 1.60.0
  resolution: "@oxlint/binding-linux-arm64-gnu@npm:1.60.0"
  conditions: os=linux & cpu=arm64 & libc=glibc
  languageName: node
  linkType: hard

"@oxlint/binding-linux-arm64-musl@npm:1.60.0":
  version: 1.60.0
  resolution: "@oxlint/binding-linux-arm64-musl@npm:1.60.0"
  conditions: os=linux & cpu=arm64 & libc=musl
  languageName: node
  linkType: hard

"@oxlint/binding-linux-ppc64-gnu@npm:1.60.0":
  version: 1.60.0
  resolution: "@oxlint/binding-linux-ppc64-gnu@npm:1.60.0"
  conditions: os=linux & cpu=ppc64 & libc=glibc
  languageName: node
  linkType: hard

"@oxlint/binding-linux-riscv64-gnu@npm:1.60.0":
  version: 1.60.0
  resolution: "@oxlint/binding-linux-riscv64-gnu@npm:1.60.0"
  conditions: os=linux & cpu=riscv64 & libc=glibc
  languageName: node
  linkType: hard

"@oxlint/binding-linux-riscv64-musl@npm:1.60.0":
  version: 1.60.0
  resolution: "@oxlint/binding-linux-riscv64-musl@npm:1.60.0"
  conditions: os=linux & cpu=riscv64 & libc=musl
  languageName: node
  linkType: hard

"@oxlint/binding-linux-s390x-gnu@npm:1.60.0":
  version: 1.60.0
  resolution: "@oxlint/binding-linux-s390x-gnu@npm:1.60.0"
  conditions: os=linux & cpu=s390x & libc=glibc
  languageName: node
  linkType: hard

"@oxlint/binding-linux-x64-gnu@npm:1.60.0":
  version: 1.60.0
  resolution: "@oxlint/binding-linux-x64-gnu@npm:1.60.0"
  conditions: os=linux & cpu=x64 & libc=glibc
  languageName: node
  linkType: hard

"@oxlint/binding-linux-x64-musl@npm:1.60.0":
  version: 1.60.0
  resolution: "@oxlint/binding-linux-x64-musl@npm:1.60.0"
  conditions: os=linux & cpu=x64 & libc=musl
  languageName: node
  linkType: hard

"@oxlint/binding-openharmony-arm64@npm:1.60.0":
  version: 1.60.0
  resolution: "@oxlint/binding-openharmony-arm64@npm:1.60.0"
  conditions: os=openharmony & cpu=arm64
  languageName: node
  linkType: hard

"@oxlint/binding-win32-arm64-msvc@npm:1.60.0":
  version: 1.60.0
  resolution: "@oxlint/binding-win32-arm64-msvc@npm:1.60.0"
  conditions: os=win32 & cpu=arm64
  languageName: node
  linkType: hard

"@oxlint/binding-win32-ia32-msvc@npm:1.60.0":
  version: 1.60.0
  resolution: "@oxlint/binding-win32-ia32-msvc@npm:1.60.0"
  conditions: os=win32 & cpu=ia32
  languageName: node
  linkType: hard

"@oxlint/binding-win32-x64-msvc@npm:1.60.0":
  version: 1.60.0
  resolution: "@oxlint/binding-win32-x64-msvc@npm:1.60.0"
  conditions: os=win32 & cpu=x64
  languageName: node
  linkType: hard

"dotenv@npm:17.4.2":
  version: 17.4.2
  resolution: "dotenv@npm:17.4.2"
  checksum: 10c0/164f8e77a646c8446867d5b588d26ea6005c8ea7c5eb41cf926f6113d23f2191355f6e0cfd95ea9bab98394a5b0a3f1e51a8399711b666fe55cc7b0bd745f942
  languageName: node
  linkType: hard

"nodemailer@npm:8.0.5":
  version: 8.0.5
  resolution: "nodemailer@npm:8.0.5"
  checksum: 10c0/5e8450499bd059c56d74ba96fa5f9928de2ecdae0d53c083dba5661d797114c1f9524d30f992d0263cc5a7dcf5a54b9c1d92dc1f766da150c9d0bde7d3798431
  languageName: node
  linkType: hard

"oxfmt@npm:0.45.0":
  version: 0.45.0
  resolution: "oxfmt@npm:0.45.0"
  dependencies:
    "@oxfmt/binding-android-arm-eabi": "npm:0.45.0"
    "@oxfmt/binding-android-arm64": "npm:0.45.0"
    "@oxfmt/binding-darwin-arm64": "npm:0.45.0"
    "@oxfmt/binding-darwin-x64": "npm:0.45.0"
    "@oxfmt/binding-freebsd-x64": "npm:0.45.0"
    "@oxfmt/binding-linux-arm-gnueabihf": "npm:0.45.0"
    "@oxfmt/binding-linux-arm-musleabihf": "npm:0.45.0"
    "@oxfmt/binding-linux-arm64-gnu": "npm:0.45.0"
    "@oxfmt/binding-linux-arm64-musl": "npm:0.45.0"
    "@oxfmt/binding-linux-ppc64-gnu": "npm:0.45.0"
    "@oxfmt/binding-linux-riscv64-gnu": "npm:0.45.0"
    "@oxfmt/binding-linux-riscv64-musl": "npm:0.45.0"
    "@oxfmt/binding-linux-s390x-gnu": "npm:0.45.0"
    "@oxfmt/binding-linux-x64-gnu": "npm:0.45.0"
    "@oxfmt/binding-linux-x64-musl": "npm:0.45.0"
    "@oxfmt/binding-openharmony-arm64": "npm:0.45.0"
    "@oxfmt/binding-win32-arm64-msvc": "npm:0.45.0"
    "@oxfmt/binding-win32-ia32-msvc": "npm:0.45.0"
    "@oxfmt/binding-win32-x64-msvc": "npm:0.45.0"
    tinypool: "npm:2.1.0"
  dependenciesMeta:
    "@oxfmt/binding-android-arm-eabi":
      optional: true
    "@oxfmt/binding-android-arm64":
      optional: true
    "@oxfmt/binding-darwin-arm64":
      optional: true
    "@oxfmt/binding-darwin-x64":
      optional: true
    "@oxfmt/binding-freebsd-x64":
      optional: true
    "@oxfmt/binding-linux-arm-gnueabihf":
      optional: true
    "@oxfmt/binding-linux-arm-musleabihf":
      optional: true
    "@oxfmt/binding-linux-arm64-gnu":
      optional: true
    "@oxfmt/binding-linux-arm64-musl":
      optional: true
    "@oxfmt/binding-linux-ppc64-gnu":
      optional: true
    "@oxfmt/binding-linux-riscv64-gnu":
      optional: true
    "@oxfmt/binding-linux-riscv64-musl":
      optional: true
    "@oxfmt/binding-linux-s390x-gnu":
      optional: true
    "@oxfmt/binding-linux-x64-gnu":
      optional: true
    "@oxfmt/binding-linux-x64-musl":
      optional: true
    "@oxfmt/binding-openharmony-arm64":
      optional: true
    "@oxfmt/binding-win32-arm64-msvc":
      optional: true
    "@oxfmt/binding-win32-ia32-msvc":
      optional: true
    "@oxfmt/binding-win32-x64-msvc":
      optional: true
  bin:
    oxfmt: bin/oxfmt
  checksum: 10c0/bb839d8a95b56a0e9d8a89104114a609e6ee6631c22434a80d5d682fa4758d69ade81a558172d503ee051196cff5609e2f523d904ffa49db2acd31178ec8f768
  languageName: node
  linkType: hard

"oxlint@npm:1.60.0":
  version: 1.60.0
  resolution: "oxlint@npm:1.60.0"
  dependencies:
    "@oxlint/binding-android-arm-eabi": "npm:1.60.0"
    "@oxlint/binding-android-arm64": "npm:1.60.0"
    "@oxlint/binding-darwin-arm64": "npm:1.60.0"
    "@oxlint/binding-darwin-x64": "npm:1.60.0"
    "@oxlint/binding-freebsd-x64": "npm:1.60.0"
    "@oxlint/binding-linux-arm-gnueabihf": "npm:1.60.0"
    "@oxlint/binding-linux-arm-musleabihf": "npm:1.60.0"
    "@oxlint/binding-linux-arm64-gnu": "npm:1.60.0"
    "@oxlint/binding-linux-arm64-musl": "npm:1.60.0"
    "@oxlint/binding-linux-ppc64-gnu": "npm:1.60.0"
    "@oxlint/binding-linux-riscv64-gnu": "npm:1.60.0"
    "@oxlint/binding-linux-riscv64-musl": "npm:1.60.0"
    "@oxlint/binding-linux-s390x-gnu": "npm:1.60.0"
    "@oxlint/binding-linux-x64-gnu": "npm:1.60.0"
    "@oxlint/binding-linux-x64-musl": "npm:1.60.0"
    "@oxlint/binding-openharmony-arm64": "npm:1.60.0"
    "@oxlint/binding-win32-arm64-msvc": "npm:1.60.0"
    "@oxlint/binding-win32-ia32-msvc": "npm:1.60.0"
    "@oxlint/binding-win32-x64-msvc": "npm:1.60.0"
  peerDependencies:
    oxlint-tsgolint: ">=0.18.0"
  dependenciesMeta:
    "@oxlint/binding-android-arm-eabi":
      optional: true
    "@oxlint/binding-android-arm64":
      optional: true
    "@oxlint/binding-darwin-arm64":
      optional: true
    "@oxlint/binding-darwin-x64":
      optional: true
    "@oxlint/binding-freebsd-x64":
      optional: true
    "@oxlint/binding-linux-arm-gnueabihf":
      optional: true
    "@oxlint/binding-linux-arm-musleabihf":
      optional: true
    "@oxlint/binding-linux-arm64-gnu":
      optional: true
    "@oxlint/binding-linux-arm64-musl":
      optional: true
    "@oxlint/binding-linux-ppc64-gnu":
      optional: true
    "@oxlint/binding-linux-riscv64-gnu":
      optional: true
    "@oxlint/binding-linux-riscv64-musl":
      optional: true
    "@oxlint/binding-linux-s390x-gnu":
      optional: true
    "@oxlint/binding-linux-x64-gnu":
      optional: true
    "@oxlint/binding-linux-x64-musl":
      optional: true
    "@oxlint/binding-openharmony-arm64":
      optional: true
    "@oxlint/binding-win32-arm64-msvc":
      optional: true
    "@oxlint/binding-win32-ia32-msvc":
      optional: true
    "@oxlint/binding-win32-x64-msvc":
      optional: true
  peerDependenciesMeta:
    oxlint-tsgolint:
      optional: true
  bin:
    oxlint: bin/oxlint
  checksum: 10c0/d12a2f4a6aeba5263e37b28e565b04ba8707eaec7cae53a43f3976771ec019f341fdd0f7fbd089e02c6c135d12a149a07b7162f96c2b3fa702b0642c93aff72f
  languageName: node
  linkType: hard

"readwise-new-highlights-email@workspace:.":
  version: 0.0.0-use.local
  resolution: "readwise-new-highlights-email@workspace:."
  dependencies:
    dotenv: "npm:17.4.2"
    nodemailer: "npm:8.0.5"
    oxfmt: "npm:0.45.0"
    oxlint: "npm:1.60.0"
  languageName: unknown
  linkType: soft

"tinypool@npm:2.1.0":
  version: 2.1.0
  resolution: "tinypool@npm:2.1.0"
  checksum: 10c0/9fb1c760558c6264e0f4cfde96a63b12450b43f1730fbe6274aa24ddbdf488745c08924d0dea7a1303b47d555416a6415f2113898c69b6ecf731e75ac95238a5
  languageName: node
  linkType: hard
